# This file is automatically @generated by Cargo.
# It is not intended for manual editing.
version = 4

[[package]]
name = "gta-agents"
version = "0.1.0"
dependencies = [
 "gta-city",
 "gta-geo",
 "gta-math",
]

[[package]]
name = "gta-app"
version = "0.1.0"

[[package]]
name = "gta-avatar"
version = "0.1.0"

[[package]]
name = "gta-city"
version = "0.1.0"
dependencies = [
 "gta-geo",
 "gta-math",
]

[[package]]
name = "gta-geo"
version = "0.1.0"
dependencies = [
 "gta-math",
]

[[package]]
name = "gta-math"
version = "0.1.0"

[[package]]
name = "gta-render"
version = "0.1.0"

[[package]]
name = "gta-scene"
version = "0.1.0"

[[package]]
name = "gta-sky"
version = "0.1.0"
dependencies = [
 "gta-math",
]
